
Microsoft Visual Studio Solution File, Format Version 12.00
# Visual Studio 15
VisualStudioVersion = 15.0.26730.8
MinimumVisualStudioVersion = 10.0.40219.1
Project("{8BC9CEB8-8B4A-11D0-8D11-00A0C91BC942}") = "Learning", "Learning\Learning.vcxproj", "{24F5417C-1BC9-4218-ABE8-994224080E45}"
EndProject
Global
	GlobalSection(SolutionConfigurationPlatforms) = preSolution
		Debug|x64 = Debug|x64
		Debug|x86 = Debug|x86
		Release|x64 = Release|x64
		Release|x86 = Release|x86
	EndGlobalSection
	GlobalSection(ProjectConfigurationPlatforms) = postSolution
		{24F5417C-1BC9-4218-ABE8-994224080E45}.Debug|x64.ActiveCfg = Debug|x64
		{24F5417C-1BC9-4218-ABE8-994224080E45}.Debug|x64.Build.0 = Debug|x64
		{24F5417C-1BC9-4218-ABE8-994224080E45}.Debug|x86.ActiveCfg = Debug|Win32
		{24F5417C-1BC9-4218-ABE8-994224080E45}.Debug|x86.Build.0 = Debug|Win32
		{24F5417C-1BC9-4218-ABE8-994224080E45}.Release|x64.ActiveCfg = Release|x64
		{24F5417C-1BC9-4218-ABE8-994224080E45}.Release|x64.Build.0 = Release|x64
		{24F5417C-1BC9-4218-ABE8-994224080E45}.Release|x86.ActiveCfg = Release|Win32
		{24F5417C-1BC9-4218-ABE8-994224080E45}.Release|x86.Build.0 = Release|Win32
	EndGlobalSection
	GlobalSection(SolutionProperties) = preSolution
		HideSolutionNode = FALSE
	EndGlobalSection
	GlobalSection(ExtensibilityGlobals) = postSolution
		SolutionGuid = {4ADCF66F-8BF3-441B-9190-92435F00AA99}
	EndGlobalSection
EndGlobal
